// !$*UTF8*$!
{
	archiveVersion = 1;
	classes = {
	};
	objectVersion = 46;
	objects = {

/* Begin PBXBuildFile section */
		03AAA5DE1DBB5C3F009CB0A5 /* AppDelegate.swift in Sources */ = {isa = PBXBuildFile; fileRef = 03AAA5DD1DBB5C3F009CB0A5 /* AppDelegate.swift */; };
		03AAA5E31DBB5C3F009CB0A5 /* Main.storyboard in Resources */ = {isa = PBXBuildFile; fileRef = 03AAA5E11DBB5C3F009CB0A5 /* Main.storyboard */; };
		03AAA5E51DBB5C3F009CB0A5 /* Assets.xcassets in Resources */ = {isa = PBXBuildFile; fileRef = 03AAA5E41DBB5C3F009CB0A5 /* Assets.xcassets */; };
		03AAA5E81DBB5C3F009CB0A5 /* LaunchScreen.storyboard in Resources */ = {isa = PBXBuildFile; fileRef = 03AAA5E61DBB5C3F009CB0A5 /* LaunchScreen.storyboard */; };
		03AAA5F21DBDBC30009CB0A5 /* GoingViewController.swift in Sources */ = {isa = PBXBuildFile; fileRef = 03AAA5F11DBDBC30009CB0A5 /* GoingViewController.swift */; };
		03AAA5FA1DBDEC38009CB0A5 /* LocationCell.swift in Sources */ = {isa = PBXBuildFile; fileRef = 03AAA5F91DBDEC38009CB0A5 /* LocationCell.swift */; };
		03AAA5FE1DBDFBB4009CB0A5 /* HexColorExtension.swift in Sources */ = {isa = PBXBuildFile; fileRef = 03AAA5FD1DBDFBB4009CB0A5 /* HexColorExtension.swift */; };
		2D9A9D529D249DE05D7CAF80 /* Pods_Demo.framework in Frameworks */ = {isa = PBXBuildFile; fileRef = 4DEE63362A9C30B287B7C021 /* Pods_Demo.framework */; };
/* End PBXBuildFile section */

/* Begin PBXFileReference section */
		03AAA5DA1DBB5C3F009CB0A5 /* Demo.app */ = {isa = PBXFileReference; explicitFileType = wrapper.application; includeInIndex = 0; path = Demo.app; sourceTree = BUILT_PRODUCTS_DIR; };
		03AAA5DD1DBB5C3F009CB0A5 /* AppDelegate.swift */ = {isa = PBXFileReference; lastKnownFileType = sourcecode.swift; path = AppDelegate.swift; sourceTree = "<group>"; };
		03AAA5E21DBB5C3F009CB0A5 /* Base */ = {isa = PBXFileReference; lastKnownFileType = file.storyboard; name = Base; path = Base.lproj/Main.storyboard; sourceTree = "<group>"; };
		03AAA5E41DBB5C3F009CB0A5 /* Assets.xcassets */ = {isa = PBXFileReference; lastKnownFileType = folder.assetcatalog; path = Assets.xcassets; sourceTree = "<group>"; };
		03AAA5E71DBB5C3F009CB0A5 /* Base */ = {isa = PBXFileReference; lastKnownFileType = file.storyboard; name = Base; path = Base.lproj/LaunchScreen.storyboard; sourceTree = "<group>"; };
		03AAA5E91DBB5C3F009CB0A5 /* Info.plist */ = {isa = PBXFileReference; lastKnownFileType = text.plist.xml; path = Info.plist; sourceTree = "<group>"; };
		03AAA5F11DBDBC30009CB0A5 /* GoingViewController.swift */ = {isa = PBXFileReference; fileEncoding = 4; lastKnownFileType = sourcecode.swift; path = GoingViewController.swift; sourceTree = "<group>"; };
		03AAA5F91DBDEC38009CB0A5 /* LocationCell.swift */ = {isa = PBXFileReference; fileEncoding = 4; lastKnownFileType = sourcecode.swift; path = LocationCell.swift; sourceTree = "<group>"; };
		03AAA5FD1DBDFBB4009CB0A5 /* HexColorExtension.swift */ = {isa = PBXFileReference; fileEncoding = 4; lastKnownFileType = sourcecode.swift; path = HexColorExtension.swift; sourceTree = "<group>"; };
		4DEE63362A9C30B287B7C021 /* Pods_Demo.framework */ = {isa = PBXFileReference; explicitFileType = wrapper.framework; includeInIndex = 0; path = Pods_Demo.framework; sourceTree = BUILT_PRODUCTS_DIR; };
		6C473D6934D88ED2E8696E89 /* Pods-Demo.debug.xcconfig */ = {isa = PBXFileReference; includeInIndex = 1; lastKnownFileType = text.xcconfig; name = "Pods-Demo.debug.xcconfig"; path = "Pods/Target Support Files/Pods-Demo/Pods-Demo.debug.xcconfig"; sourceTree = "<group>"; };
		BA743D850FFAAD3A3095EC7E /* Pods-Demo.release.xcconfig */ = {isa = PBXFileReference; includeInIndex = 1; lastKnownFileType = text.xcconfig; name = "Pods-Demo.release.xcconfig"; path = "Pods/Target Support Files/Pods-Demo/Pods-Demo.release.xcconfig"; sourceTree = "<group>"; };
/* End PBXFileReference section */

/* Begin PBXFrameworksBuildPhase section */
		03AAA5D71DBB5C3E009CB0A5 /* Frameworks */ = {
			isa = PBXFrameworksBuildPhase;
			buildActionMask = 2147483647;
			files = (
				2D9A9D529D249DE05D7CAF80 /* Pods_Demo.framework in Frameworks */,
			);
			runOnlyForDeploymentPostprocessing = 0;
		};
/* End PBXFrameworksBuildPhase section */

/* Begin PBXGroup section */
		03AAA5D11DBB5C3E009CB0A5 = {
			isa = PBXGroup;
			children = (
				03AAA5DC1DBB5C3F009CB0A5 /* Demo */,
				03AAA5DB1DBB5C3F009CB0A5 /* Products */,
				05D7080545EE0D79DFBC8503 /* Pods */,
				0A9D0EEDF20CE2FBFAFA01FA /* Frameworks */,
			);
			sourceTree = "<group>";
		};
		03AAA5DB1DBB5C3F009CB0A5 /* Products */ = {
			isa = PBXGroup;
			children = (
				03AAA5DA1DBB5C3F009CB0A5 /* Demo.app */,
			);
			name = Products;
			sourceTree = "<group>";
		};
		03AAA5DC1DBB5C3F009CB0A5 /* Demo */ = {
			isa = PBXGroup;
			children = (
				03AAA5EF1DBDBBE4009CB0A5 /* MVC */,
				03AAA5DD1DBB5C3F009CB0A5 /* AppDelegate.swift */,
				03AAA5E11DBB5C3F009CB0A5 /* Main.storyboard */,
				03AAA5E41DBB5C3F009CB0A5 /* Assets.xcassets */,
				03AAA5E61DBB5C3F009CB0A5 /* LaunchScreen.storyboard */,
				03AAA5E91DBB5C3F009CB0A5 /* Info.plist */,
			);
			path = Demo;
			sourceTree = "<group>";
		};
		03AAA5EF1DBDBBE4009CB0A5 /* MVC */ = {
			isa = PBXGroup;
			children = (
				03AAA5FC1DBDFB9E009CB0A5 /* Extension */,
				03AAA5F01DBDBC10009CB0A5 /* Going */,
			);
			name = MVC;
			sourceTree = "<group>";
		};
		03AAA5F01DBDBC10009CB0A5 /* Going */ = {
			isa = PBXGroup;
			children = (
				03AAA5F11DBDBC30009CB0A5 /* GoingViewController.swift */,
				03AAA5F91DBDEC38009CB0A5 /* LocationCell.swift */,
			);
			name = Going;
			sourceTree = "<group>";
		};
		03AAA5FC1DBDFB9E009CB0A5 /* Extension */ = {
			isa = PBXGroup;
			children = (
				03AAA5FD1DBDFBB4009CB0A5 /* HexColorExtension.swift */,
			);
			name = Extension;
			sourceTree = "<group>";
		};
		05D7080545EE0D79DFBC8503 /* Pods */ = {
			isa = PBXGroup;
			children = (
				6C473D6934D88ED2E8696E89 /* Pods-Demo.debug.xcconfig */,
				BA743D850FFAAD3A3095EC7E /* Pods-Demo.release.xcconfig */,
			);
			name = Pods;
			sourceTree = "<group>";
		};
		0A9D0EEDF20CE2FBFAFA01FA /* Frameworks */ = {
			isa = PBXGroup;
			children = (
				4DEE63362A9C30B287B7C021 /* Pods_Demo.framework */,
			);
			name = Frameworks;
			sourceTree = "<group>";
		};
/* End PBXGroup section */

/* Begin PBXNativeTarget section */
		03AAA5D91DBB5C3E009CB0A5 /* Demo */ = {
			isa = PBXNativeTarget;
			buildConfigurationList = 03AAA5EC1DBB5C3F009CB0A5 /* Build configuration list for PBXNativeTarget "Demo" */;
			buildPhases = (
				CED813BD4FE22AC0738EB22B /* [CP] Check Pods Manifest.lock */,
				03AAA5D61DBB5C3E009CB0A5 /* Sources */,
				03AAA5D71DBB5C3E009CB0A5 /* Frameworks */,
				03AAA5D81DBB5C3E009CB0A5 /* Resources */,
				E9308AEBD758B938A19832FA /* [CP] Embed Pods Frameworks */,
				1C5487C2B1369D551B833A26 /* [CP] Copy Pods Resources */,
			);
			buildRules = (
			);
			dependencies = (
			);
			name = Demo;
			productName = Demo;
			productReference = 03AAA5DA1DBB5C3F009CB0A5 /* Demo.app */;
			productType = "com.apple.product-type.application";
		};
/* End PBXNativeTarget section */

/* Begin PBXProject section */
		03AAA5D21DBB5C3E009CB0A5 /* Project object */ = {
			isa = PBXProject;
			attributes = {
				LastSwiftUpdateCheck = 0730;
				LastUpgradeCheck = 0730;
				ORGANIZATIONNAME = "Tien Dat";
				TargetAttributes = {
					03AAA5D91DBB5C3E009CB0A5 = {
						CreatedOnToolsVersion = 7.3.1;
					};
				};
			};
			buildConfigurationList = 03AAA5D51DBB5C3E009CB0A5 /* Build configuration list for PBXProject "Demo" */;
			compatibilityVersion = "Xcode 3.2";
			developmentRegion = English;
			hasScannedForEncodings = 0;
			knownRegions = (
				en,
				Base,
			);
			mainGroup = 03AAA5D11DBB5C3E009CB0A5;
			productRefGroup = 03AAA5DB1DBB5C3F009CB0A5 /* Products */;
			projectDirPath = "";
			projectRoot = "";
			targets = (
				03AAA5D91DBB5C3E009CB0A5 /* Demo */,
			);
		};
/* End PBXProject section */

/* Begin PBXResourcesBuildPhase section */
		03AAA5D81DBB5C3E009CB0A5 /* Resources */ = {
			isa = PBXResourcesBuildPhase;
			buildActionMask = 2147483647;
			files = (
				03AAA5E81DBB5C3F009CB0A5 /* LaunchScreen.storyboard in Resources */,
				03AAA5E51DBB5C3F009CB0A5 /* Assets.xcassets in Resources */,
				03AAA5E31DBB5C3F009CB0A5 /* Main.storyboard in Resources */,
			);
			runOnlyForDeploymentPostprocessing = 0;
		};
/* End PBXResourcesBuildPhase section */

/* Begin PBXShellScriptBuildPhase section */
		1C5487C2B1369D551B833A26 /* [CP] Copy Pods Resources */ = {
			isa = PBXShellScriptBuildPhase;
			buildActionMask = 2147483647;
			files = (
			);
			inputPaths = (
			);
			name = "[CP] Copy Pods Resources";
			outputPaths = (
			);
			runOnlyForDeploymentPostprocessing = 0;
			shellPath = /bin/sh;
			shellScript = "\"${SRCROOT}/Pods/Target Support Files/Pods-Demo/Pods-Demo-resources.sh\"\n";
			showEnvVarsInLog = 0;
		};
		CED813BD4FE22AC0738EB22B /* [CP] Check Pods Manifest.lock */ = {
			isa = PBXShellScriptBuildPhase;
			buildActionMask = 2147483647;
			files = (
			);
			inputPaths = (
			);
			name = "[CP] Check Pods Manifest.lock";
			outputPaths = (
			);
			runOnlyForDeploymentPostprocessing = 0;
			shellPath = /bin/sh;
			shellScript = "diff \"${PODS_ROOT}/../Podfile.lock\" \"${PODS_ROOT}/Manifest.lock\" > /dev/null\nif [[ $? != 0 ]] ; then\n    cat << EOM\nerror: The sandbox is not in sync with the Podfile.lock. Run 'pod install' or update your CocoaPods installation.\nEOM\n    exit 1\nfi\n";
			showEnvVarsInLog = 0;
		};
		E9308AEBD758B938A19832FA /* [CP] Embed Pods Frameworks */ = {
			isa = PBXShellScriptBuildPhase;
			buildActionMask = 2147483647;
			files = (
			);
			inputPaths = (
			);
			name = "[CP] Embed Pods Frameworks";
			outputPaths = (
			);
			runOnlyForDeploymentPostprocessing = 0;
			shellPath = /bin/sh;
			shellScript = "\"${SRCROOT}/Pods/Target Support Files/Pods-Demo/Pods-Demo-frameworks.sh\"\n";
			showEnvVarsInLog = 0;
		};
/* End PBXShellScriptBuildPhase section */

/* Begin PBXSourcesBuildPhase section */
		03AAA5D61DBB5C3E009CB0A5 /* Sources */ = {
			isa = PBXSourcesBuildPhase;
			buildActionMask = 2147483647;
			files = (
				03AAA5FA1DBDEC38009CB0A5 /* LocationCell.swift in Sources */,
				03AAA5F21DBDBC30009CB0A5 /* GoingViewController.swift in Sources */,
				03AAA5DE1DBB5C3F009CB0A5 /* AppDelegate.swift in Sources */,
				03AAA5FE1DBDFBB4009CB0A5 /* HexColorExtension.swift in Sources */,
			);
			runOnlyForDeploymentPostprocessing = 0;
		};
/* End PBXSourcesBuildPhase section */

/* Begin PBXVariantGroup section */
		03AAA5E11DBB5C3F009CB0A5 /* Main.storyboard */ = {
			isa = PBXVariantGroup;
			children = (
				03AAA5E21DBB5C3F009CB0A5 /* Base */,
			);
			name = Main.storyboard;
			sourceTree = "<group>";
		};
		03AAA5E61DBB5C3F009CB0A5 /* LaunchScreen.storyboard */ = {
			isa = PBXVariantGroup;
			children = (
				03AAA5E71DBB5C3F009CB0A5 /* Base */,
			);
			name = LaunchScreen.storyboard;
			sourceTree = "<group>";
		};
/* End PBXVariantGroup section */

/* Begin XCBuildConfiguration section */
		03AAA5EA1DBB5C3F009CB0A5 /* Debug */ = {
			isa = XCBuildConfiguration;
			buildSettings = {
				ALWAYS_SEARCH_USER_PATHS = NO;
				CLANG_ANALYZER_NONNULL = YES;
				CLANG_CXX_LANGUAGE_STANDARD = "gnu++0x";
				CLANG_CXX_LIBRARY = "libc++";
				CLANG_ENABLE_MODULES = YES;
				CLANG_ENABLE_OBJC_ARC = YES;
				CLANG_WARN_BOOL_CONVERSION = YES;
				CLANG_WARN_CONSTANT_CONVERSION = YES;
				CLANG_WARN_DIRECT_OBJC_ISA_USAGE = YES_ERROR;
				CLANG_WARN_EMPTY_BODY = YES;
				CLANG_WARN_ENUM_CONVERSION = YES;
				CLANG_WARN_INT_CONVERSION = YES;
				CLANG_WARN_OBJC_ROOT_CLASS = YES_ERROR;
				CLANG_WARN_UNREACHABLE_CODE = YES;
				CLANG_WARN__DUPLICATE_METHOD_MATCH = YES;
				"CODE_SIGN_IDENTITY[sdk=iphoneos*]" = "iPhone Developer";
				COPY_PHASE_STRIP = NO;
				DEBUG_INFORMATION_FORMAT = dwarf;
				ENABLE_STRICT_OBJC_MSGSEND = YES;
				ENABLE_TESTABILITY = YES;
				GCC_C_LANGUAGE_STANDARD = gnu99;
				GCC_DYNAMIC_NO_PIC = NO;
				GCC_NO_COMMON_BLOCKS = YES;
				GCC_OPTIMIZATION_LEVEL = 0;
				GCC_PREPROCESSOR_DEFINITIONS = (
					"DEBUG=1",
					"$(inherited)",
				);
				GCC_WARN_64_TO_32_BIT_CONVERSION = YES;
				GCC_WARN_ABOUT_RETURN_TYPE = YES_ERROR;
				GCC_WARN_UNDECLARED_SELECTOR = YES;
				GCC_WARN_UNINITIALIZED_AUTOS = YES_AGGRESSIVE;
				GCC_WARN_UNUSED_FUNCTION = YES;
				GCC_WARN_UNUSED_VARIABLE = YES;
				IPHONEOS_DEPLOYMENT_TARGET = 9.3;
				MTL_ENABLE_DEBUG_INFO = YES;
				ONLY_ACTIVE_ARCH = YES;
				SDKROOT = iphoneos;
				SWIFT_OPTIMIZATION_LEVEL = "-Onone";
				TARGETED_DEVICE_FAMILY = "1,2";
			};
			name = Debug;
		};
		03AAA5EB1DBB5C3F009CB0A5 /* Release */ = {
			isa = XCBuildConfiguration;
			buildSettings = {
				ALWAYS_SEARCH_USER_PATHS = NO;
				CLANG_ANALYZER_NONNULL = YES;
				CLANG_CXX_LANGUAGE_STANDARD = "gnu++0x";
				CLANG_CXX_LIBRARY = "libc++";
				CLANG_ENABLE_MODULES = YES;
				CLANG_ENABLE_OBJC_ARC = YES;
				CLANG_WARN_BOOL_CONVERSION = YES;
				CLANG_WARN_CONSTANT_CONVERSION = YES;
				CLANG_WARN_DIRECT_OBJC_ISA_USAGE = YES_ERROR;
				CLANG_WARN_EMPTY_BODY = YES;
				CLANG_WARN_ENUM_CONVERSION = YES;
				CLANG_WARN_INT_CONVERSION = YES;
				CLANG_WARN_OBJC_ROOT_CLASS = YES_ERROR;
				CLANG_WARN_UNREACHABLE_CODE = YES;
				CLANG_WARN__DUPLICATE_METHOD_MATCH = YES;
				"CODE_SIGN_IDENTITY[sdk=iphoneos*]" = "iPhone Developer";
				COPY_PHASE_STRIP = NO;
				DEBUG_INFORMATION_FORMAT = "dwarf-with-dsym";
				ENABLE_NS_ASSERTIONS = NO;
				ENABLE_STRICT_OBJC_MSGSEND = YES;
				GCC_C_LANGUAGE_STANDARD = gnu99;
				GCC_NO_COMMON_BLOCKS = YES;
				GCC_WARN_64_TO_32_BIT_CONVERSION = YES;
				GCC_WARN_ABOUT_RETURN_TYPE = YES_ERROR;
				GCC_WARN_UNDECLARED_SELECTOR = YES;
				GCC_WARN_UNINITIALIZED_AUTOS = YES_AGGRESSIVE;
				GCC_WARN_UNUSED_FUNCTION = YES;
				GCC_WARN_UNUSED_VARIABLE = YES;
				IPHONEOS_DEPLOYMENT_TARGET = 9.3;
				MTL_ENABLE_DEBUG_INFO = NO;
				SDKROOT = iphoneos;
				TARGETED_DEVICE_FAMILY = "1,2";
				VALIDATE_PRODUCT = YES;
			};
			name = Release;
		};
		03AAA5ED1DBB5C3F009CB0A5 /* Debug */ = {
			isa = XCBuildConfiguration;
			baseConfigurationReference = 6C473D6934D88ED2E8696E89 /* Pods-Demo.debug.xcconfig */;
			buildSettings = {
				ASSETCATALOG_COMPILER_APPICON_NAME = AppIcon;
				INFOPLIST_FILE = Demo/Info.plist;
				LD_RUNPATH_SEARCH_PATHS = "$(inherited) @executable_path/Frameworks";
				PRODUCT_BUNDLE_IDENTIFIER = Snor.Demo;
				PRODUCT_NAME = "$(TARGET_NAME)";
			};
			name = Debug;
		};
		03AAA5EE1DBB5C3F009CB0A5 /* Release */ = {
			isa = XCBuildConfiguration;
			baseConfigurationReference = BA743D850FFAAD3A3095EC7E /* Pods-Demo.release.xcconfig */;
			buildSettings = {
				ASSETCATALOG_COMPILER_APPICON_NAME = AppIcon;
				INFOPLIST_FILE = Demo/Info.plist;
				LD_RUNPATH_SEARCH_PATHS = "$(inherited) @executable_path/Frameworks";
				PRODUCT_BUNDLE_IDENTIFIER = Snor.Demo;
				PRODUCT_NAME = "$(TARGET_NAME)";
			};
			name = Release;
		};
/* End XCBuildConfiguration section */

/* Begin XCConfigurationList section */
		03AAA5D51DBB5C3E009CB0A5 /* Build configuration list for PBXProject "Demo" */ = {
			isa = XCConfigurationList;
			buildConfigurations = (
				03AAA5EA1DBB5C3F009CB0A5 /* Debug */,
				03AAA5EB1DBB5C3F009CB0A5 /* Release */,
			);
			defaultConfigurationIsVisible = 0;
			defaultConfigurationName = Release;
		};
		03AAA5EC1DBB5C3F009CB0A5 /* Build configuration list for PBXNativeTarget "Demo" */ = {
			isa = XCConfigurationList;
			buildConfigurations = (
				03AAA5ED1DBB5C3F009CB0A5 /* Debug */,
				03AAA5EE1DBB5C3F009CB0A5 /* Release */,
			);
			defaultConfigurationIsVisible = 0;
			defaultConfigurationName = Release;
		};
/* End XCConfigurationList section */
	};
	rootObject = 03AAA5D21DBB5C3E009CB0A5 /* Project object */;
}
